
Microsoft Visual Studio Solution File, Format Version 12.00
# Visual Studio Version 17
VisualStudioVersion = 17.5.33530.505
MinimumVisualStudioVersion = 10.0.40219.1
Project("{FAE04EC0-301F-11D3-BF4B-00C04F79EFBC}") = "mvcweb", "mvcweb\mvcweb.csproj", "{B4E063E6-6209-4EC9-901C-0E718AB8D45B}"
EndProject
Global
	GlobalSection(SolutionConfigurationPlatforms) = preSolution
		Debug|Any CPU = Debug|Any CPU
		Release|Any CPU = Release|Any CPU
	EndGlobalSection
	GlobalSection(ProjectConfigurationPlatforms) = postSolution
		{B4E063E6-6209-4EC9-901C-0E718AB8D45B}.Debug|Any CPU.ActiveCfg = Debug|Any CPU
		{B4E063E6-6209-4EC9-901C-0E718AB8D45B}.Debug|Any CPU.Build.0 = Debug|Any CPU
		{B4E063E6-6209-4EC9-901C-0E718AB8D45B}.Release|Any CPU.ActiveCfg = Release|Any CPU
		{B4E063E6-6209-4EC9-901C-0E718AB8D45B}.Release|Any CPU.Build.0 = Release|Any CPU
	EndGlobalSection
	GlobalSection(SolutionProperties) = preSolution
		HideSolutionNode = FALSE
	EndGlobalSection
	GlobalSection(ExtensibilityGlobals) = postSolution
		SolutionGuid = {5093BC32-AA31-487B-BA35-AEE18E3988B3}
	EndGlobalSection
EndGlobal
